
Microsoft Visual Studio Solution File, Format Version 12.00
# Visual Studio 14
VisualStudioVersion = 14.0.25123.0
MinimumVisualStudioVersion = 10.0.40219.1
Project("{FAE04EC0-301F-11D3-BF4B-00C04F79EFBC}") = "YeahTVApi.Common", "YeahTVApi.Common\YeahTVApi.Common.csproj", "{27EC8548-1BEC-4F32-A43E-341430CD6FF3}"
EndProject
Project("{FAE04EC0-301F-11D3-BF4B-00C04F79EFBC}") = "YeahTVApi.Entity", "YeahTVApi.Entity\YeahTVApi.Entity.csproj", "{DFF8075A-64C7-44D7-982B-F0C7CBC096E9}"
EndProject
Project("{FAE04EC0-301F-11D3-BF4B-00C04F79EFBC}") = "YeahTVApiLibrary.EntityFrameworkRepository", "YeahTVApi.EntityFrameworkLibraryRepository\YeahTVApiLibrary.EntityFrameworkRepository.csproj", "{7CF570BC-6606-451D-BD4C-9965FCBADEC6}"
EndProject
Project("{FAE04EC0-301F-11D3-BF4B-00C04F79EFBC}") = "YeahTVApi.EntityFrameworkRepository", "YeahTVApi.EntityFrameworkRepository\YeahTVApi.EntityFrameworkRepository.csproj", "{450011B6-8513-49A2-B394-F96088DC96CB}"
EndProject
Project("{FAE04EC0-301F-11D3-BF4B-00C04F79EFBC}") = "YeahTVApi.Infrastructure", "YeahTVApi.Infrastructure\YeahTVApi.Infrastructure.csproj", "{5BD5DA36-20CB-4115-B7D6-39C0BAF42904}"
EndProject
Project("{FAE04EC0-301F-11D3-BF4B-00C04F79EFBC}") = "YeahTVApi.Resource", "YeahTVApi.Resource\YeahTVApi.Resource.csproj", "{5D3AC4DF-B7B9-4B5A-9BE1-97221533ACE8}"
EndProject
Project("{FAE04EC0-301F-11D3-BF4B-00C04F79EFBC}") = "YeahTVApi.ServiceProvider", "YeahTVApi.ServiceProvider\YeahTVApi.ServiceProvider.csproj", "{E211535B-6C5C-4A9D-928D-E9A5EB77B4E0}"
EndProject
Project("{FAE04EC0-301F-11D3-BF4B-00C04F79EFBC}") = "YeahTVApiLibrary", "YeahTVApiLibrary\YeahTVApiLibrary.csproj", "{FA80CAE9-B52D-4236-9F91-3EB8E2C60219}"
EndProject
Project("{FAE04EC0-301F-11D3-BF4B-00C04F79EFBC}") = "YeahTVApiLibrary.Manager", "YeahTVApiLibrary.Manager\YeahTVApiLibrary.Manager.csproj", "{2B2E290C-1642-4595-8ABF-B1E217103DF1}"
EndProject
Project("{FAE04EC0-301F-11D3-BF4B-00C04F79EFBC}") = "YeahTVApiLibrary.MongoRepository", "YeahTVApiLibrary.MongoRepository\YeahTVApiLibrary.MongoRepository.csproj", "{B9658D3A-9FFD-4668-84AF-36783F4F8B58}"
EndProject
Project("{FAE04EC0-301F-11D3-BF4B-00C04F79EFBC}") = "YeahTVApiLibrary.Service", "YeahTVApiLibrary.Service\YeahTVApiLibrary.Service.csproj", "{9BE7AB26-6CA2-43BD-A24F-08E98254F060}"
EndProject
Project("{FAE04EC0-301F-11D3-BF4B-00C04F79EFBC}") = "YeahTVApiLibrary.UnitTests", "YeahTVApiLibrary.UnitTest\YeahTVApiLibrary.UnitTests.csproj", "{04760E87-55BF-4E00-A124-6ED751CE85A1}"
EndProject
Project("{2150E333-8FDC-42A3-9474-1A3956D46DE8}") = "DllReference", "DllReference", "{EB3D2DA9-0F56-46B2-B10C-24D1F872A18B}"
	ProjectSection(SolutionItems) = preProject
		..\DllReference\HotelResvProcess.dll = ..\DllReference\HotelResvProcess.dll
		..\DllReference\HT.Log.dll = ..\DllReference\HT.Log.dll
		..\DllReference\HT.MarketActivity.Biz.dll = ..\DllReference\HT.MarketActivity.Biz.dll
		..\DllReference\HT.MarketActivity.Entities.dll = ..\DllReference\HT.MarketActivity.Entities.dll
		..\DllReference\HTPayCenter.dll = ..\DllReference\HTPayCenter.dll
		..\DllReference\HTSendEngine.dll = ..\DllReference\HTSendEngine.dll
		..\DllReference\HTWebApi.dll = ..\DllReference\HTWebApi.dll
		..\DllReference\HZ.Common.Log.dll = ..\DllReference\HZ.Common.Log.dll
		..\DllReference\HZ.ExceptionContract.dll = ..\DllReference\HZ.ExceptionContract.dll
		..\DllReference\HZ.ReservationGateway.BusinessLogic.dll = ..\DllReference\HZ.ReservationGateway.BusinessLogic.dll
		..\DllReference\HZ.ReservationGateway.Entity.dll = ..\DllReference\HZ.ReservationGateway.Entity.dll
		..\DllReference\HZ.Web.Authorization.dll = ..\DllReference\HZ.Web.Authorization.dll
		..\DllReference\MemberInfoProcess.dll = ..\DllReference\MemberInfoProcess.dll
		..\DllReference\MongoDB.Bson.dll = ..\DllReference\MongoDB.Bson.dll
		..\DllReference\MongoDB.Driver.dll = ..\DllReference\MongoDB.Driver.dll
		..\DllReference\NBear.Core.dll = ..\DllReference\NBear.Core.dll
		..\DllReference\NBearLite.dll = ..\DllReference\NBearLite.dll
		..\DllReference\Vidar.Common.dll = ..\DllReference\Vidar.Common.dll
		..\DllReference\zxing.dll = ..\DllReference\zxing.dll
	EndProjectSection
EndProject
Project("{2150E333-8FDC-42A3-9474-1A3956D46DE8}") = "YeahTVLibrary", "YeahTVLibrary", "{BE8159AA-CB2F-4C3E-B673-67639FB083D3}"
EndProject
Project("{FAE04EC0-301F-11D3-BF4B-00C04F79EFBC}") = "YeahTVApiLibrary.Infrastructure", "YeahTVApiLibrary.Interface\YeahTVApiLibrary.Infrastructure.csproj", "{430AFD5D-2462-4D0E-B2CA-E1C68032BFB0}"
EndProject
Project("{FAE04EC0-301F-11D3-BF4B-00C04F79EFBC}") = "YeahTVApi.DomainModel", "YeahTVApi.DomainModel\YeahTVApi.DomainModel.csproj", "{7B4CE815-38CB-4EE4-8860-8381CF2DE60A}"
EndProject
Project("{2150E333-8FDC-42A3-9474-1A3956D46DE8}") = "YeahCentre", "YeahCentre", "{879CFDC5-5F00-488E-86DB-88498E390487}"
EndProject
Project("{FAE04EC0-301F-11D3-BF4B-00C04F79EFBC}") = "YeahCentre.EntityFrameworkRepository", "YeahCentre\YeahCentre.EntityFrameworkRepository\YeahCentre.EntityFrameworkRepository.csproj", "{DB2A306E-246A-4B45-BE98-DAE8C6EDB477}"
EndProject
Project("{FAE04EC0-301F-11D3-BF4B-00C04F79EFBC}") = "YeahCentre.Manager", "YeahCentre\YeahCentre.Manager\YeahCentre.Manager.csproj", "{77DEE0D0-5F3F-4BE3-9939-007BDF47CF39}"
EndProject
Project("{FAE04EC0-301F-11D3-BF4B-00C04F79EFBC}") = "YeahCentre.UnitTest", "YeahCentre.UnitTest\YeahCentre.UnitTest.csproj", "{67FD9352-E1C0-4CF9-99F3-6228786C4596}"
EndProject
Project("{FAE04EC0-301F-11D3-BF4B-00C04F79EFBC}") = "YeahAppCentre", "YeahAppCentre\YeahAppCentre.csproj", "{262AB383-B70B-4DCD-9EF9-09774C3C92F7}"
EndProject
Project("{FAE04EC0-301F-11D3-BF4B-00C04F79EFBC}") = "YeahAppCentre.Tests", "YeahAppCentre.Tests\YeahAppCentre.Tests.csproj", "{70BF4710-BCD7-44F4-A5B0-C495C4020F45}"
EndProject
Project("{FAE04EC0-301F-11D3-BF4B-00C04F79EFBC}") = "YeahAppCentre.Web.Utility", "YeahAppCentre.Web.Utility\YeahAppCentre.Web.Utility.csproj", "{CC948DFF-24B0-459C-ACEC-EB42F30548FE}"
EndProject
Project("{2150E333-8FDC-42A3-9474-1A3956D46DE8}") = "UnitTest", "UnitTest", "{DF34EEED-9D56-4133-91D4-C520F8EEE2A7}"
EndProject
Project("{FAE04EC0-301F-11D3-BF4B-00C04F79EFBC}") = "YeahTVApi.Manager", "YeahTVApi.Manager\YeahTVApi.Manager.csproj", "{CE4D7169-C902-439C-A679-D074EA4F860C}"
EndProject
Project("{2150E333-8FDC-42A3-9474-1A3956D46DE8}") = "YeahTV.Api", "YeahTV.Api", "{868882BB-5E92-4AAA-AC15-99DCBFD417B8}"
EndProject
Project("{FAE04EC0-301F-11D3-BF4B-00C04F79EFBC}") = "YeahCenter.Infrastructure", "YeahCenter.Infrastructure\YeahCenter.Infrastructure.csproj", "{157ED71D-E9D0-4D8E-A04E-C48B520BD578}"
EndProject
Project("{FAE04EC0-301F-11D3-BF4B-00C04F79EFBC}") = "YeahTVApiLibrary.WrapperFacade", "YeahTVApiLibrary.WrapperFacade\YeahTVApiLibrary.WrapperFacade.csproj", "{D2319324-577B-4CED-A0C8-6C3C4A026729}"
EndProject
Project("{FAE04EC0-301F-11D3-BF4B-00C04F79EFBC}") = "YeahCentre.WrapperFacade", "YeahCentre.WrapperFacade\YeahCentre.WrapperFacade.csproj", "{0DD29D20-7365-4698-A6F8-B4431A776E52}"
EndProject
Project("{FAE04EC0-301F-11D3-BF4B-00C04F79EFBC}") = "YeahCenter.RefreshCacheService", "YeahCenter.RefreshCacheService\YeahCenter.RefreshCacheService.csproj", "{02072A76-F2D6-4D9C-9890-B5241448BACD}"
EndProject
Global
	GlobalSection(SolutionConfigurationPlatforms) = preSolution
		Debug|Any CPU = Debug|Any CPU
		Debug|x64 = Debug|x64
		Debug|x86 = Debug|x86
		Preview|Any CPU = Preview|Any CPU
		Preview|x64 = Preview|x64
		Preview|x86 = Preview|x86
		Release|Any CPU = Release|Any CPU
		Release|x64 = Release|x64
		Release|x86 = Release|x86
	EndGlobalSection
	GlobalSection(ProjectConfigurationPlatforms) = postSolution
		{27EC8548-1BEC-4F32-A43E-341430CD6FF3}.Debug|Any CPU.ActiveCfg = Debug|Any CPU
		{27EC8548-1BEC-4F32-A43E-341430CD6FF3}.Debug|Any CPU.Build.0 = Debug|Any CPU
		{27EC8548-1BEC-4F32-A43E-341430CD6FF3}.Debug|x64.ActiveCfg = Debug|x64
		{27EC8548-1BEC-4F32-A43E-341430CD6FF3}.Debug|x64.Build.0 = Debug|x64
		{27EC8548-1BEC-4F32-A43E-341430CD6FF3}.Debug|x86.ActiveCfg = Debug|x86
		{27EC8548-1BEC-4F32-A43E-341430CD6FF3}.Debug|x86.Build.0 = Debug|x86
		{27EC8548-1BEC-4F32-A43E-341430CD6FF3}.Preview|Any CPU.ActiveCfg = Preview|Any CPU
		{27EC8548-1BEC-4F32-A43E-341430CD6FF3}.Preview|Any CPU.Build.0 = Preview|Any CPU
		{27EC8548-1BEC-4F32-A43E-341430CD6FF3}.Preview|x64.ActiveCfg = Preview|x64
		{27EC8548-1BEC-4F32-A43E-341430CD6FF3}.Preview|x64.Build.0 = Preview|x64
		{27EC8548-1BEC-4F32-A43E-341430CD6FF3}.Preview|x86.ActiveCfg = Preview|x86
		{27EC8548-1BEC-4F32-A43E-341430CD6FF3}.Preview|x86.Build.0 = Preview|x86
		{27EC8548-1BEC-4F32-A43E-341430CD6FF3}.Release|Any CPU.ActiveCfg = Release|Any CPU
		{27EC8548-1BEC-4F32-A43E-341430CD6FF3}.Release|Any CPU.Build.0 = Release|Any CPU
		{27EC8548-1BEC-4F32-A43E-341430CD6FF3}.Release|x64.ActiveCfg = Release|x64
		{27EC8548-1BEC-4F32-A43E-341430CD6FF3}.Release|x64.Build.0 = Release|x64
		{27EC8548-1BEC-4F32-A43E-341430CD6FF3}.Release|x86.ActiveCfg = Release|x86
		{27EC8548-1BEC-4F32-A43E-341430CD6FF3}.Release|x86.Build.0 = Release|x86
		{DFF8075A-64C7-44D7-982B-F0C7CBC096E9}.Debug|Any CPU.ActiveCfg = Debug|Any CPU
		{DFF8075A-64C7-44D7-982B-F0C7CBC096E9}.Debug|Any CPU.Build.0 = Debug|Any CPU
		{DFF8075A-64C7-44D7-982B-F0C7CBC096E9}.Debug|x64.ActiveCfg = Debug|Any CPU
		{DFF8075A-64C7-44D7-982B-F0C7CBC096E9}.Debug|x86.ActiveCfg = Debug|x86
		{DFF8075A-64C7-44D7-982B-F0C7CBC096E9}.Debug|x86.Build.0 = Debug|x86
		{DFF8075A-64C7-44D7-982B-F0C7CBC096E9}.Preview|Any CPU.ActiveCfg = Preview|Any CPU
		{DFF8075A-64C7-44D7-982B-F0C7CBC096E9}.Preview|Any CPU.Build.0 = Preview|Any CPU
		{DFF8075A-64C7-44D7-982B-F0C7CBC096E9}.Preview|x64.ActiveCfg = Preview|Any CPU
		{DFF8075A-64C7-44D7-982B-F0C7CBC096E9}.Preview|x86.ActiveCfg = Preview|x86
		{DFF8075A-64C7-44D7-982B-F0C7CBC096E9}.Preview|x86.Build.0 = Preview|x86
		{DFF8075A-64C7-44D7-982B-F0C7CBC096E9}.Release|Any CPU.ActiveCfg = Release|Any CPU
		{DFF8075A-64C7-44D7-982B-F0C7CBC096E9}.Release|Any CPU.Build.0 = Release|Any CPU
		{DFF8075A-64C7-44D7-982B-F0C7CBC096E9}.Release|x64.ActiveCfg = Release|Any CPU
		{DFF8075A-64C7-44D7-982B-F0C7CBC096E9}.Release|x86.ActiveCfg = Release|x86
		{DFF8075A-64C7-44D7-982B-F0C7CBC096E9}.Release|x86.Build.0 = Release|x86
		{7CF570BC-6606-451D-BD4C-9965FCBADEC6}.Debug|Any CPU.ActiveCfg = Debug|Any CPU
		{7CF570BC-6606-451D-BD4C-9965FCBADEC6}.Debug|Any CPU.Build.0 = Debug|Any CPU
		{7CF570BC-6606-451D-BD4C-9965FCBADEC6}.Debug|x64.ActiveCfg = Debug|Any CPU
		{7CF570BC-6606-451D-BD4C-9965FCBADEC6}.Debug|x86.ActiveCfg = Debug|x86
		{7CF570BC-6606-451D-BD4C-9965FCBADEC6}.Debug|x86.Build.0 = Debug|x86
		{7CF570BC-6606-451D-BD4C-9965FCBADEC6}.Preview|Any CPU.ActiveCfg = Release|Any CPU
		{7CF570BC-6606-451D-BD4C-9965FCBADEC6}.Preview|Any CPU.Build.0 = Release|Any CPU
		{7CF570BC-6606-451D-BD4C-9965FCBADEC6}.Preview|x64.ActiveCfg = Release|Any CPU
		{7CF570BC-6606-451D-BD4C-9965FCBADEC6}.Preview|x86.ActiveCfg = Release|x86
		{7CF570BC-6606-451D-BD4C-9965FCBADEC6}.Preview|x86.Build.0 = Release|x86
		{7CF570BC-6606-451D-BD4C-9965FCBADEC6}.Release|Any CPU.ActiveCfg = Release|Any CPU
		{7CF570BC-6606-451D-BD4C-9965FCBADEC6}.Release|Any CPU.Build.0 = Release|Any CPU
		{7CF570BC-6606-451D-BD4C-9965FCBADEC6}.Release|x64.ActiveCfg = Release|Any CPU
		{7CF570BC-6606-451D-BD4C-9965FCBADEC6}.Release|x86.ActiveCfg = Release|x86
		{7CF570BC-6606-451D-BD4C-9965FCBADEC6}.Release|x86.Build.0 = Release|x86
		{450011B6-8513-49A2-B394-F96088DC96CB}.Debug|Any CPU.ActiveCfg = Debug|Any CPU
		{450011B6-8513-49A2-B394-F96088DC96CB}.Debug|Any CPU.Build.0 = Debug|Any CPU
		{450011B6-8513-49A2-B394-F96088DC96CB}.Debug|x64.ActiveCfg = Debug|Any CPU
		{450011B6-8513-49A2-B394-F96088DC96CB}.Debug|x86.ActiveCfg = Debug|x86
		{450011B6-8513-49A2-B394-F96088DC96CB}.Debug|x86.Build.0 = Debug|x86
		{450011B6-8513-49A2-B394-F96088DC96CB}.Preview|Any CPU.ActiveCfg = Release|Any CPU
		{450011B6-8513-49A2-B394-F96088DC96CB}.Preview|Any CPU.Build.0 = Release|Any CPU
		{450011B6-8513-49A2-B394-F96088DC96CB}.Preview|x64.ActiveCfg = Release|Any CPU
		{450011B6-8513-49A2-B394-F96088DC96CB}.Preview|x86.ActiveCfg = Release|x86
		{450011B6-8513-49A2-B394-F96088DC96CB}.Preview|x86.Build.0 = Release|x86
		{450011B6-8513-49A2-B394-F96088DC96CB}.Release|Any CPU.ActiveCfg = Release|Any CPU
		{450011B6-8513-49A2-B394-F96088DC96CB}.Release|Any CPU.Build.0 = Release|Any CPU
		{450011B6-8513-49A2-B394-F96088DC96CB}.Release|x64.ActiveCfg = Release|Any CPU
		{450011B6-8513-49A2-B394-F96088DC96CB}.Release|x86.ActiveCfg = Release|x86
		{450011B6-8513-49A2-B394-F96088DC96CB}.Release|x86.Build.0 = Release|x86
		{5BD5DA36-20CB-4115-B7D6-39C0BAF42904}.Debug|Any CPU.ActiveCfg = Debug|Any CPU
		{5BD5DA36-20CB-4115-B7D6-39C0BAF42904}.Debug|Any CPU.Build.0 = Debug|Any CPU
		{5BD5DA36-20CB-4115-B7D6-39C0BAF42904}.Debug|x64.ActiveCfg = Debug|Any CPU
		{5BD5DA36-20CB-4115-B7D6-39C0BAF42904}.Debug|x86.ActiveCfg = Debug|x86
		{5BD5DA36-20CB-4115-B7D6-39C0BAF42904}.Debug|x86.Build.0 = Debug|x86
		{5BD5DA36-20CB-4115-B7D6-39C0BAF42904}.Preview|Any CPU.ActiveCfg = Release|Any CPU
		{5BD5DA36-20CB-4115-B7D6-39C0BAF42904}.Preview|Any CPU.Build.0 = Release|Any CPU
		{5BD5DA36-20CB-4115-B7D6-39C0BAF42904}.Preview|x64.ActiveCfg = Release|Any CPU
		{5BD5DA36-20CB-4115-B7D6-39C0BAF42904}.Preview|x86.ActiveCfg = Release|x86
		{5BD5DA36-20CB-4115-B7D6-39C0BAF42904}.Preview|x86.Build.0 = Release|x86
		{5BD5DA36-20CB-4115-B7D6-39C0BAF42904}.Release|Any CPU.ActiveCfg = Release|Any CPU
		{5BD5DA36-20CB-4115-B7D6-39C0BAF42904}.Release|Any CPU.Build.0 = Release|Any CPU
		{5BD5DA36-20CB-4115-B7D6-39C0BAF42904}.Release|x64.ActiveCfg = Release|Any CPU
		{5BD5DA36-20CB-4115-B7D6-39C0BAF42904}.Release|x86.ActiveCfg = Release|x86
		{5BD5DA36-20CB-4115-B7D6-39C0BAF42904}.Release|x86.Build.0 = Release|x86
		{5D3AC4DF-B7B9-4B5A-9BE1-97221533ACE8}.Debug|Any CPU.ActiveCfg = Debug|Any CPU
		{5D3AC4DF-B7B9-4B5A-9BE1-97221533ACE8}.Debug|Any CPU.Build.0 = Debug|Any CPU
		{5D3AC4DF-B7B9-4B5A-9BE1-97221533ACE8}.Debug|x64.ActiveCfg = Debug|Any CPU
		{5D3AC4DF-B7B9-4B5A-9BE1-97221533ACE8}.Debug|x86.ActiveCfg = Debug|x86
		{5D3AC4DF-B7B9-4B5A-9BE1-97221533ACE8}.Debug|x86.Build.0 = Debug|x86
		{5D3AC4DF-B7B9-4B5A-9BE1-97221533ACE8}.Preview|Any CPU.ActiveCfg = Release|Any CPU
		{5D3AC4DF-B7B9-4B5A-9BE1-97221533ACE8}.Preview|Any CPU.Build.0 = Release|Any CPU
		{5D3AC4DF-B7B9-4B5A-9BE1-97221533ACE8}.Preview|x64.ActiveCfg = Release|Any CPU
		{5D3AC4DF-B7B9-4B5A-9BE1-97221533ACE8}.Preview|x86.ActiveCfg = Release|x86
		{5D3AC4DF-B7B9-4B5A-9BE1-97221533ACE8}.Preview|x86.Build.0 = Release|x86
		{5D3AC4DF-B7B9-4B5A-9BE1-97221533ACE8}.Release|Any CPU.ActiveCfg = Release|Any CPU
		{5D3AC4DF-B7B9-4B5A-9BE1-97221533ACE8}.Release|Any CPU.Build.0 = Release|Any CPU
		{5D3AC4DF-B7B9-4B5A-9BE1-97221533ACE8}.Release|x64.ActiveCfg = Release|Any CPU
		{5D3AC4DF-B7B9-4B5A-9BE1-97221533ACE8}.Release|x86.ActiveCfg = Release|x86
		{5D3AC4DF-B7B9-4B5A-9BE1-97221533ACE8}.Release|x86.Build.0 = Release|x86
		{E211535B-6C5C-4A9D-928D-E9A5EB77B4E0}.Debug|Any CPU.ActiveCfg = Debug|Any CPU
		{E211535B-6C5C-4A9D-928D-E9A5EB77B4E0}.Debug|Any CPU.Build.0 = Debug|Any CPU
		{E211535B-6C5C-4A9D-928D-E9A5EB77B4E0}.Debug|x64.ActiveCfg = Debug|Any CPU
		{E211535B-6C5C-4A9D-928D-E9A5EB77B4E0}.Debug|x86.ActiveCfg = Debug|x86
		{E211535B-6C5C-4A9D-928D-E9A5EB77B4E0}.Debug|x86.Build.0 = Debug|x86
		{E211535B-6C5C-4A9D-928D-E9A5EB77B4E0}.Preview|Any CPU.ActiveCfg = Release|Any CPU
		{E211535B-6C5C-4A9D-928D-E9A5EB77B4E0}.Preview|Any CPU.Build.0 = Release|Any CPU
		{E211535B-6C5C-4A9D-928D-E9A5EB77B4E0}.Preview|x64.ActiveCfg = Release|Any CPU
		{E211535B-6C5C-4A9D-928D-E9A5EB77B4E0}.Preview|x86.ActiveCfg = Release|x86
		{E211535B-6C5C-4A9D-928D-E9A5EB77B4E0}.Preview|x86.Build.0 = Release|x86
		{E211535B-6C5C-4A9D-928D-E9A5EB77B4E0}.Release|Any CPU.ActiveCfg = Release|Any CPU
		{E211535B-6C5C-4A9D-928D-E9A5EB77B4E0}.Release|Any CPU.Build.0 = Release|Any CPU
		{E211535B-6C5C-4A9D-928D-E9A5EB77B4E0}.Release|x64.ActiveCfg = Release|Any CPU
		{E211535B-6C5C-4A9D-928D-E9A5EB77B4E0}.Release|x86.ActiveCfg = Release|x86
		{E211535B-6C5C-4A9D-928D-E9A5EB77B4E0}.Release|x86.Build.0 = Release|x86
		{FA80CAE9-B52D-4236-9F91-3EB8E2C60219}.Debug|Any CPU.ActiveCfg = Debug|Any CPU
		{FA80CAE9-B52D-4236-9F91-3EB8E2C60219}.Debug|Any CPU.Build.0 = Debug|Any CPU
		{FA80CAE9-B52D-4236-9F91-3EB8E2C60219}.Debug|x64.ActiveCfg = Debug|Any CPU
		{FA80CAE9-B52D-4236-9F91-3EB8E2C60219}.Debug|x86.ActiveCfg = Debug|x86
		{FA80CAE9-B52D-4236-9F91-3EB8E2C60219}.Debug|x86.Build.0 = Debug|x86
		{FA80CAE9-B52D-4236-9F91-3EB8E2C60219}.Preview|Any CPU.ActiveCfg = Release|Any CPU
		{FA80CAE9-B52D-4236-9F91-3EB8E2C60219}.Preview|Any CPU.Build.0 = Release|Any CPU
		{FA80CAE9-B52D-4236-9F91-3EB8E2C60219}.Preview|x64.ActiveCfg = Release|Any CPU
		{FA80CAE9-B52D-4236-9F91-3EB8E2C60219}.Preview|x86.ActiveCfg = Release|x86
		{FA80CAE9-B52D-4236-9F91-3EB8E2C60219}.Preview|x86.Build.0 = Release|x86
		{FA80CAE9-B52D-4236-9F91-3EB8E2C60219}.Release|Any CPU.ActiveCfg = Release|Any CPU
		{FA80CAE9-B52D-4236-9F91-3EB8E2C60219}.Release|Any CPU.Build.0 = Release|Any CPU
		{FA80CAE9-B52D-4236-9F91-3EB8E2C60219}.Release|x64.ActiveCfg = Release|Any CPU
		{FA80CAE9-B52D-4236-9F91-3EB8E2C60219}.Release|x86.ActiveCfg = Release|x86
		{FA80CAE9-B52D-4236-9F91-3EB8E2C60219}.Release|x86.Build.0 = Release|x86
		{2B2E290C-1642-4595-8ABF-B1E217103DF1}.Debug|Any CPU.ActiveCfg = Debug|Any CPU
		{2B2E290C-1642-4595-8ABF-B1E217103DF1}.Debug|Any CPU.Build.0 = Debug|Any CPU
		{2B2E290C-1642-4595-8ABF-B1E217103DF1}.Debug|x64.ActiveCfg = Debug|Any CPU
		{2B2E290C-1642-4595-8ABF-B1E217103DF1}.Debug|x86.ActiveCfg = Debug|x86
		{2B2E290C-1642-4595-8ABF-B1E217103DF1}.Debug|x86.Build.0 = Debug|x86
		{2B2E290C-1642-4595-8ABF-B1E217103DF1}.Preview|Any CPU.ActiveCfg = Release|Any CPU
		{2B2E290C-1642-4595-8ABF-B1E217103DF1}.Preview|Any CPU.Build.0 = Release|Any CPU
		{2B2E290C-1642-4595-8ABF-B1E217103DF1}.Preview|x64.ActiveCfg = Release|Any CPU
		{2B2E290C-1642-4595-8ABF-B1E217103DF1}.Preview|x86.ActiveCfg = Release|x86
		{2B2E290C-1642-4595-8ABF-B1E217103DF1}.Preview|x86.Build.0 = Release|x86
		{2B2E290C-1642-4595-8ABF-B1E217103DF1}.Release|Any CPU.ActiveCfg = Release|Any CPU
		{2B2E290C-1642-4595-8ABF-B1E217103DF1}.Release|Any CPU.Build.0 = Release|Any CPU
		{2B2E290C-1642-4595-8ABF-B1E217103DF1}.Release|x64.ActiveCfg = Release|Any CPU
		{2B2E290C-1642-4595-8ABF-B1E217103DF1}.Release|x86.ActiveCfg = Release|x86
		{2B2E290C-1642-4595-8ABF-B1E217103DF1}.Release|x86.Build.0 = Release|x86
		{B9658D3A-9FFD-4668-84AF-36783F4F8B58}.Debug|Any CPU.ActiveCfg = Debug|Any CPU
		{B9658D3A-9FFD-4668-84AF-36783F4F8B58}.Debug|Any CPU.Build.0 = Debug|Any CPU
		{B9658D3A-9FFD-4668-84AF-36783F4F8B58}.Debug|x64.ActiveCfg = Debug|Any CPU
		{B9658D3A-9FFD-4668-84AF-36783F4F8B58}.Debug|x86.ActiveCfg = Debug|Any CPU
		{B9658D3A-9FFD-4668-84AF-36783F4F8B58}.Preview|Any CPU.ActiveCfg = Release|Any CPU
		{B9658D3A-9FFD-4668-84AF-36783F4F8B58}.Preview|Any CPU.Build.0 = Release|Any CPU
		{B9658D3A-9FFD-4668-84AF-36783F4F8B58}.Preview|x64.ActiveCfg = Release|Any CPU
		{B9658D3A-9FFD-4668-84AF-36783F4F8B58}.Preview|x86.ActiveCfg = Release|Any CPU
		{B9658D3A-9FFD-4668-84AF-36783F4F8B58}.Release|Any CPU.ActiveCfg = Release|Any CPU
		{B9658D3A-9FFD-4668-84AF-36783F4F8B58}.Release|Any CPU.Build.0 = Release|Any CPU
		{B9658D3A-9FFD-4668-84AF-36783F4F8B58}.Release|x64.ActiveCfg = Release|Any CPU
		{B9658D3A-9FFD-4668-84AF-36783F4F8B58}.Release|x86.ActiveCfg = Release|Any CPU
		{9BE7AB26-6CA2-43BD-A24F-08E98254F060}.Debug|Any CPU.ActiveCfg = Debug|Any CPU
		{9BE7AB26-6CA2-43BD-A24F-08E98254F060}.Debug|Any CPU.Build.0 = Debug|Any CPU
		{9BE7AB26-6CA2-43BD-A24F-08E98254F060}.Debug|x64.ActiveCfg = Debug|Any CPU
		{9BE7AB26-6CA2-43BD-A24F-08E98254F060}.Debug|x86.ActiveCfg = Debug|Any CPU
		{9BE7AB26-6CA2-43BD-A24F-08E98254F060}.Preview|Any CPU.ActiveCfg = Release|Any CPU
		{9BE7AB26-6CA2-43BD-A24F-08E98254F060}.Preview|Any CPU.Build.0 = Release|Any CPU
		{9BE7AB26-6CA2-43BD-A24F-08E98254F060}.Preview|x64.ActiveCfg = Release|Any CPU
		{9BE7AB26-6CA2-43BD-A24F-08E98254F060}.Preview|x86.ActiveCfg = Release|Any CPU
		{9BE7AB26-6CA2-43BD-A24F-08E98254F060}.Release|Any CPU.ActiveCfg = Release|Any CPU
		{9BE7AB26-6CA2-43BD-A24F-08E98254F060}.Release|Any CPU.Build.0 = Release|Any CPU
		{9BE7AB26-6CA2-43BD-A24F-08E98254F060}.Release|x64.ActiveCfg = Release|Any CPU
		{9BE7AB26-6CA2-43BD-A24F-08E98254F060}.Release|x86.ActiveCfg = Release|Any CPU
		{04760E87-55BF-4E00-A124-6ED751CE85A1}.Debug|Any CPU.ActiveCfg = Debug|Any CPU
		{04760E87-55BF-4E00-A124-6ED751CE85A1}.Debug|Any CPU.Build.0 = Debug|Any CPU
		{04760E87-55BF-4E00-A124-6ED751CE85A1}.Debug|x64.ActiveCfg = Debug|Any CPU
		{04760E87-55BF-4E00-A124-6ED751CE85A1}.Debug|x86.ActiveCfg = Debug|Any CPU
		{04760E87-55BF-4E00-A124-6ED751CE85A1}.Preview|Any CPU.ActiveCfg = Release|Any CPU
		{04760E87-55BF-4E00-A124-6ED751CE85A1}.Preview|Any CPU.Build.0 = Release|Any CPU
		{04760E87-55BF-4E00-A124-6ED751CE85A1}.Preview|x64.ActiveCfg = Release|Any CPU
		{04760E87-55BF-4E00-A124-6ED751CE85A1}.Preview|x86.ActiveCfg = Release|Any CPU
		{04760E87-55BF-4E00-A124-6ED751CE85A1}.Release|Any CPU.ActiveCfg = Release|Any CPU
		{04760E87-55BF-4E00-A124-6ED751CE85A1}.Release|Any CPU.Build.0 = Release|Any CPU
		{04760E87-55BF-4E00-A124-6ED751CE85A1}.Release|x64.ActiveCfg = Release|Any CPU
		{04760E87-55BF-4E00-A124-6ED751CE85A1}.Release|x86.ActiveCfg = Release|Any CPU
		{430AFD5D-2462-4D0E-B2CA-E1C68032BFB0}.Debug|Any CPU.ActiveCfg = Debug|Any CPU
		{430AFD5D-2462-4D0E-B2CA-E1C68032BFB0}.Debug|Any CPU.Build.0 = Debug|Any CPU
		{430AFD5D-2462-4D0E-B2CA-E1C68032BFB0}.Debug|x64.ActiveCfg = Debug|Any CPU
		{430AFD5D-2462-4D0E-B2CA-E1C68032BFB0}.Debug|x86.ActiveCfg = Debug|x86
		{430AFD5D-2462-4D0E-B2CA-E1C68032BFB0}.Debug|x86.Build.0 = Debug|x86
		{430AFD5D-2462-4D0E-B2CA-E1C68032BFB0}.Preview|Any CPU.ActiveCfg = Release|Any CPU
		{430AFD5D-2462-4D0E-B2CA-E1C68032BFB0}.Preview|Any CPU.Build.0 = Release|Any CPU
		{430AFD5D-2462-4D0E-B2CA-E1C68032BFB0}.Preview|x64.ActiveCfg = Release|Any CPU
		{430AFD5D-2462-4D0E-B2CA-E1C68032BFB0}.Preview|x86.ActiveCfg = Release|x86
		{430AFD5D-2462-4D0E-B2CA-E1C68032BFB0}.Preview|x86.Build.0 = Release|x86
		{430AFD5D-2462-4D0E-B2CA-E1C68032BFB0}.Release|Any CPU.ActiveCfg = Release|Any CPU
		{430AFD5D-2462-4D0E-B2CA-E1C68032BFB0}.Release|Any CPU.Build.0 = Release|Any CPU
		{430AFD5D-2462-4D0E-B2CA-E1C68032BFB0}.Release|x64.ActiveCfg = Release|Any CPU
		{430AFD5D-2462-4D0E-B2CA-E1C68032BFB0}.Release|x86.ActiveCfg = Release|x86
		{430AFD5D-2462-4D0E-B2CA-E1C68032BFB0}.Release|x86.Build.0 = Release|x86
		{7B4CE815-38CB-4EE4-8860-8381CF2DE60A}.Debug|Any CPU.ActiveCfg = Debug|Any CPU
		{7B4CE815-38CB-4EE4-8860-8381CF2DE60A}.Debug|Any CPU.Build.0 = Debug|Any CPU
		{7B4CE815-38CB-4EE4-8860-8381CF2DE60A}.Debug|x64.ActiveCfg = Debug|Any CPU
		{7B4CE815-38CB-4EE4-8860-8381CF2DE60A}.Debug|x86.ActiveCfg = Debug|Any CPU
		{7B4CE815-38CB-4EE4-8860-8381CF2DE60A}.Preview|Any CPU.ActiveCfg = Release|Any CPU
		{7B4CE815-38CB-4EE4-8860-8381CF2DE60A}.Preview|Any CPU.Build.0 = Release|Any CPU
		{7B4CE815-38CB-4EE4-8860-8381CF2DE60A}.Preview|x64.ActiveCfg = Release|Any CPU
		{7B4CE815-38CB-4EE4-8860-8381CF2DE60A}.Preview|x86.ActiveCfg = Release|Any CPU
		{7B4CE815-38CB-4EE4-8860-8381CF2DE60A}.Release|Any CPU.ActiveCfg = Release|Any CPU
		{7B4CE815-38CB-4EE4-8860-8381CF2DE60A}.Release|Any CPU.Build.0 = Release|Any CPU
		{7B4CE815-38CB-4EE4-8860-8381CF2DE60A}.Release|x64.ActiveCfg = Release|Any CPU
		{7B4CE815-38CB-4EE4-8860-8381CF2DE60A}.Release|x86.ActiveCfg = Release|Any CPU
		{DB2A306E-246A-4B45-BE98-DAE8C6EDB477}.Debug|Any CPU.ActiveCfg = Debug|Any CPU
		{DB2A306E-246A-4B45-BE98-DAE8C6EDB477}.Debug|Any CPU.Build.0 = Debug|Any CPU
		{DB2A306E-246A-4B45-BE98-DAE8C6EDB477}.Debug|x64.ActiveCfg = Debug|Any CPU
		{DB2A306E-246A-4B45-BE98-DAE8C6EDB477}.Debug|x86.ActiveCfg = Debug|Any CPU
		{DB2A306E-246A-4B45-BE98-DAE8C6EDB477}.Preview|Any CPU.ActiveCfg = Release|Any CPU
		{DB2A306E-246A-4B45-BE98-DAE8C6EDB477}.Preview|Any CPU.Build.0 = Release|Any CPU
		{DB2A306E-246A-4B45-BE98-DAE8C6EDB477}.Preview|x64.ActiveCfg = Release|Any CPU
		{DB2A306E-246A-4B45-BE98-DAE8C6EDB477}.Preview|x86.ActiveCfg = Release|Any CPU
		{DB2A306E-246A-4B45-BE98-DAE8C6EDB477}.Release|Any CPU.ActiveCfg = Release|Any CPU
		{DB2A306E-246A-4B45-BE98-DAE8C6EDB477}.Release|Any CPU.Build.0 = Release|Any CPU
		{DB2A306E-246A-4B45-BE98-DAE8C6EDB477}.Release|x64.ActiveCfg = Release|Any CPU
		{DB2A306E-246A-4B45-BE98-DAE8C6EDB477}.Release|x86.ActiveCfg = Release|Any CPU
		{77DEE0D0-5F3F-4BE3-9939-007BDF47CF39}.Debug|Any CPU.ActiveCfg = Debug|Any CPU
		{77DEE0D0-5F3F-4BE3-9939-007BDF47CF39}.Debug|Any CPU.Build.0 = Debug|Any CPU
		{77DEE0D0-5F3F-4BE3-9939-007BDF47CF39}.Debug|x64.ActiveCfg = Debug|Any CPU
		{77DEE0D0-5F3F-4BE3-9939-007BDF47CF39}.Debug|x86.ActiveCfg = Debug|Any CPU
		{77DEE0D0-5F3F-4BE3-9939-007BDF47CF39}.Preview|Any CPU.ActiveCfg = Release|Any CPU
		{77DEE0D0-5F3F-4BE3-9939-007BDF47CF39}.Preview|Any CPU.Build.0 = Release|Any CPU
		{77DEE0D0-5F3F-4BE3-9939-007BDF47CF39}.Preview|x64.ActiveCfg = Release|Any CPU
		{77DEE0D0-5F3F-4BE3-9939-007BDF47CF39}.Preview|x86.ActiveCfg = Release|Any CPU
		{77DEE0D0-5F3F-4BE3-9939-007BDF47CF39}.Release|Any CPU.ActiveCfg = Release|Any CPU
		{77DEE0D0-5F3F-4BE3-9939-007BDF47CF39}.Release|Any CPU.Build.0 = Release|Any CPU
		{77DEE0D0-5F3F-4BE3-9939-007BDF47CF39}.Release|x64.ActiveCfg = Release|Any CPU
		{77DEE0D0-5F3F-4BE3-9939-007BDF47CF39}.Release|x86.ActiveCfg = Release|Any CPU
		{67FD9352-E1C0-4CF9-99F3-6228786C4596}.Debug|Any CPU.ActiveCfg = Debug|Any CPU
		{67FD9352-E1C0-4CF9-99F3-6228786C4596}.Debug|Any CPU.Build.0 = Debug|Any CPU
		{67FD9352-E1C0-4CF9-99F3-6228786C4596}.Debug|x64.ActiveCfg = Debug|Any CPU
		{67FD9352-E1C0-4CF9-99F3-6228786C4596}.Debug|x86.ActiveCfg = Debug|Any CPU
		{67FD9352-E1C0-4CF9-99F3-6228786C4596}.Preview|Any CPU.ActiveCfg = Release|Any CPU
		{67FD9352-E1C0-4CF9-99F3-6228786C4596}.Preview|Any CPU.Build.0 = Release|Any CPU
		{67FD9352-E1C0-4CF9-99F3-6228786C4596}.Preview|x64.ActiveCfg = Release|Any CPU
		{67FD9352-E1C0-4CF9-99F3-6228786C4596}.Preview|x86.ActiveCfg = Release|Any CPU
		{67FD9352-E1C0-4CF9-99F3-6228786C4596}.Release|Any CPU.ActiveCfg = Release|Any CPU
		{67FD9352-E1C0-4CF9-99F3-6228786C4596}.Release|Any CPU.Build.0 = Release|Any CPU
		{67FD9352-E1C0-4CF9-99F3-6228786C4596}.Release|x64.ActiveCfg = Release|Any CPU
		{67FD9352-E1C0-4CF9-99F3-6228786C4596}.Release|x86.ActiveCfg = Release|Any CPU
		{262AB383-B70B-4DCD-9EF9-09774C3C92F7}.Debug|Any CPU.ActiveCfg = Debug|Any CPU
		{262AB383-B70B-4DCD-9EF9-09774C3C92F7}.Debug|Any CPU.Build.0 = Debug|Any CPU
		{262AB383-B70B-4DCD-9EF9-09774C3C92F7}.Debug|x64.ActiveCfg = Debug|Any CPU
		{262AB383-B70B-4DCD-9EF9-09774C3C92F7}.Debug|x86.ActiveCfg = Debug|Any CPU
		{262AB383-B70B-4DCD-9EF9-09774C3C92F7}.Preview|Any CPU.ActiveCfg = Release|Any CPU
		{262AB383-B70B-4DCD-9EF9-09774C3C92F7}.Preview|Any CPU.Build.0 = Release|Any CPU
		{262AB383-B70B-4DCD-9EF9-09774C3C92F7}.Preview|x64.ActiveCfg = Release|Any CPU
		{262AB383-B70B-4DCD-9EF9-09774C3C92F7}.Preview|x86.ActiveCfg = Release|Any CPU
		{262AB383-B70B-4DCD-9EF9-09774C3C92F7}.Release|Any CPU.ActiveCfg = Release|Any CPU
		{262AB383-B70B-4DCD-9EF9-09774C3C92F7}.Release|Any CPU.Build.0 = Release|Any CPU
		{262AB383-B70B-4DCD-9EF9-09774C3C92F7}.Release|x64.ActiveCfg = Release|Any CPU
		{262AB383-B70B-4DCD-9EF9-09774C3C92F7}.Release|x86.ActiveCfg = Release|Any CPU
		{70BF4710-BCD7-44F4-A5B0-C495C4020F45}.Debug|Any CPU.ActiveCfg = Debug|Any CPU
		{70BF4710-BCD7-44F4-A5B0-C495C4020F45}.Debug|Any CPU.Build.0 = Debug|Any CPU
		{70BF4710-BCD7-44F4-A5B0-C495C4020F45}.Debug|x64.ActiveCfg = Debug|Any CPU
		{70BF4710-BCD7-44F4-A5B0-C495C4020F45}.Debug|x86.ActiveCfg = Debug|Any CPU
		{70BF4710-BCD7-44F4-A5B0-C495C4020F45}.Preview|Any CPU.ActiveCfg = Release|Any CPU
		{70BF4710-BCD7-44F4-A5B0-C495C4020F45}.Preview|Any CPU.Build.0 = Release|Any CPU
		{70BF4710-BCD7-44F4-A5B0-C495C4020F45}.Preview|x64.ActiveCfg = Release|Any CPU
		{70BF4710-BCD7-44F4-A5B0-C495C4020F45}.Preview|x86.ActiveCfg = Release|Any CPU
		{70BF4710-BCD7-44F4-A5B0-C495C4020F45}.Release|Any CPU.ActiveCfg = Release|Any CPU
		{70BF4710-BCD7-44F4-A5B0-C495C4020F45}.Release|Any CPU.Build.0 = Release|Any CPU
		{70BF4710-BCD7-44F4-A5B0-C495C4020F45}.Release|x64.ActiveCfg = Release|Any CPU
		{70BF4710-BCD7-44F4-A5B0-C495C4020F45}.Release|x86.ActiveCfg = Release|Any CPU
		{CC948DFF-24B0-459C-ACEC-EB42F30548FE}.Debug|Any CPU.ActiveCfg = Debug|Any CPU
		{CC948DFF-24B0-459C-ACEC-EB42F30548FE}.Debug|Any CPU.Build.0 = Debug|Any CPU
		{CC948DFF-24B0-459C-ACEC-EB42F30548FE}.Debug|x64.ActiveCfg = Debug|Any CPU
		{CC948DFF-24B0-459C-ACEC-EB42F30548FE}.Debug|x86.ActiveCfg = Debug|Any CPU
		{CC948DFF-24B0-459C-ACEC-EB42F30548FE}.Preview|Any CPU.ActiveCfg = Release|Any CPU
		{CC948DFF-24B0-459C-ACEC-EB42F30548FE}.Preview|Any CPU.Build.0 = Release|Any CPU
		{CC948DFF-24B0-459C-ACEC-EB42F30548FE}.Preview|x64.ActiveCfg = Release|Any CPU
		{CC948DFF-24B0-459C-ACEC-EB42F30548FE}.Preview|x86.ActiveCfg = Release|Any CPU
		{CC948DFF-24B0-459C-ACEC-EB42F30548FE}.Release|Any CPU.ActiveCfg = Release|Any CPU
		{CC948DFF-24B0-459C-ACEC-EB42F30548FE}.Release|Any CPU.Build.0 = Release|Any CPU
		{CC948DFF-24B0-459C-ACEC-EB42F30548FE}.Release|x64.ActiveCfg = Release|Any CPU
		{CC948DFF-24B0-459C-ACEC-EB42F30548FE}.Release|x86.ActiveCfg = Release|Any CPU
		{CE4D7169-C902-439C-A679-D074EA4F860C}.Debug|Any CPU.ActiveCfg = Debug|Any CPU
		{CE4D7169-C902-439C-A679-D074EA4F860C}.Debug|Any CPU.Build.0 = Debug|Any CPU
		{CE4D7169-C902-439C-A679-D074EA4F860C}.Debug|x64.ActiveCfg = Debug|Any CPU
		{CE4D7169-C902-439C-A679-D074EA4F860C}.Debug|x86.ActiveCfg = Debug|x86
		{CE4D7169-C902-439C-A679-D074EA4F860C}.Debug|x86.Build.0 = Debug|x86
		{CE4D7169-C902-439C-A679-D074EA4F860C}.Preview|Any CPU.ActiveCfg = Preview|Any CPU
		{CE4D7169-C902-439C-A679-D074EA4F860C}.Preview|Any CPU.Build.0 = Preview|Any CPU
		{CE4D7169-C902-439C-A679-D074EA4F860C}.Preview|x64.ActiveCfg = Preview|Any CPU
		{CE4D7169-C902-439C-A679-D074EA4F860C}.Preview|x86.ActiveCfg = Preview|x86
		{CE4D7169-C902-439C-A679-D074EA4F860C}.Preview|x86.Build.0 = Preview|x86
		{CE4D7169-C902-439C-A679-D074EA4F860C}.Release|Any CPU.ActiveCfg = Release|Any CPU
		{CE4D7169-C902-439C-A679-D074EA4F860C}.Release|Any CPU.Build.0 = Release|Any CPU
		{CE4D7169-C902-439C-A679-D074EA4F860C}.Release|x64.ActiveCfg = Release|Any CPU
		{CE4D7169-C902-439C-A679-D074EA4F860C}.Release|x86.ActiveCfg = Release|x86
		{CE4D7169-C902-439C-A679-D074EA4F860C}.Release|x86.Build.0 = Release|x86
		{157ED71D-E9D0-4D8E-A04E-C48B520BD578}.Debug|Any CPU.ActiveCfg = Debug|Any CPU
		{157ED71D-E9D0-4D8E-A04E-C48B520BD578}.Debug|Any CPU.Build.0 = Debug|Any CPU
		{157ED71D-E9D0-4D8E-A04E-C48B520BD578}.Debug|x64.ActiveCfg = Debug|Any CPU
		{157ED71D-E9D0-4D8E-A04E-C48B520BD578}.Debug|x86.ActiveCfg = Debug|Any CPU
		{157ED71D-E9D0-4D8E-A04E-C48B520BD578}.Preview|Any CPU.ActiveCfg = Release|Any CPU
		{157ED71D-E9D0-4D8E-A04E-C48B520BD578}.Preview|Any CPU.Build.0 = Release|Any CPU
		{157ED71D-E9D0-4D8E-A04E-C48B520BD578}.Preview|x64.ActiveCfg = Release|Any CPU
		{157ED71D-E9D0-4D8E-A04E-C48B520BD578}.Preview|x86.ActiveCfg = Release|Any CPU
		{157ED71D-E9D0-4D8E-A04E-C48B520BD578}.Release|Any CPU.ActiveCfg = Release|Any CPU
		{157ED71D-E9D0-4D8E-A04E-C48B520BD578}.Release|Any CPU.Build.0 = Release|Any CPU
		{157ED71D-E9D0-4D8E-A04E-C48B520BD578}.Release|x64.ActiveCfg = Release|Any CPU
		{157ED71D-E9D0-4D8E-A04E-C48B520BD578}.Release|x86.ActiveCfg = Release|Any CPU
		{D2319324-577B-4CED-A0C8-6C3C4A026729}.Debug|Any CPU.ActiveCfg = Debug|Any CPU
		{D2319324-577B-4CED-A0C8-6C3C4A026729}.Debug|Any CPU.Build.0 = Debug|Any CPU
		{D2319324-577B-4CED-A0C8-6C3C4A026729}.Debug|x64.ActiveCfg = Debug|Any CPU
		{D2319324-577B-4CED-A0C8-6C3C4A026729}.Debug|x86.ActiveCfg = Debug|Any CPU
		{D2319324-577B-4CED-A0C8-6C3C4A026729}.Preview|Any CPU.ActiveCfg = Release|Any CPU
		{D2319324-577B-4CED-A0C8-6C3C4A026729}.Preview|Any CPU.Build.0 = Release|Any CPU
		{D2319324-577B-4CED-A0C8-6C3C4A026729}.Preview|x64.ActiveCfg = Release|Any CPU
		{D2319324-577B-4CED-A0C8-6C3C4A026729}.Preview|x86.ActiveCfg = Release|Any CPU
		{D2319324-577B-4CED-A0C8-6C3C4A026729}.Release|Any CPU.ActiveCfg = Release|Any CPU
		{D2319324-577B-4CED-A0C8-6C3C4A026729}.Release|Any CPU.Build.0 = Release|Any CPU
		{D2319324-577B-4CED-A0C8-6C3C4A026729}.Release|x64.ActiveCfg = Release|Any CPU
		{D2319324-577B-4CED-A0C8-6C3C4A026729}.Release|x86.ActiveCfg = Release|Any CPU
		{0DD29D20-7365-4698-A6F8-B4431A776E52}.Debug|Any CPU.ActiveCfg = Debug|Any CPU
		{0DD29D20-7365-4698-A6F8-B4431A776E52}.Debug|Any CPU.Build.0 = Debug|Any CPU
		{0DD29D20-7365-4698-A6F8-B4431A776E52}.Debug|x64.ActiveCfg = Debug|Any CPU
		{0DD29D20-7365-4698-A6F8-B4431A776E52}.Debug|x86.ActiveCfg = Debug|Any CPU
		{0DD29D20-7365-4698-A6F8-B4431A776E52}.Preview|Any CPU.ActiveCfg = Release|Any CPU
		{0DD29D20-7365-4698-A6F8-B4431A776E52}.Preview|Any CPU.Build.0 = Release|Any CPU
		{0DD29D20-7365-4698-A6F8-B4431A776E52}.Preview|x64.ActiveCfg = Release|Any CPU
		{0DD29D20-7365-4698-A6F8-B4431A776E52}.Preview|x86.ActiveCfg = Release|Any CPU
		{0DD29D20-7365-4698-A6F8-B4431A776E52}.Release|Any CPU.ActiveCfg = Release|Any CPU
		{0DD29D20-7365-4698-A6F8-B4431A776E52}.Release|Any CPU.Build.0 = Release|Any CPU
		{0DD29D20-7365-4698-A6F8-B4431A776E52}.Release|x64.ActiveCfg = Release|Any CPU
		{0DD29D20-7365-4698-A6F8-B4431A776E52}.Release|x86.ActiveCfg = Release|Any CPU
		{02072A76-F2D6-4D9C-9890-B5241448BACD}.Debug|Any CPU.ActiveCfg = Debug|Any CPU
		{02072A76-F2D6-4D9C-9890-B5241448BACD}.Debug|Any CPU.Build.0 = Debug|Any CPU
		{02072A76-F2D6-4D9C-9890-B5241448BACD}.Debug|x64.ActiveCfg = Debug|Any CPU
		{02072A76-F2D6-4D9C-9890-B5241448BACD}.Debug|x86.ActiveCfg = Debug|Any CPU
		{02072A76-F2D6-4D9C-9890-B5241448BACD}.Preview|Any CPU.ActiveCfg = Release|Any CPU
		{02072A76-F2D6-4D9C-9890-B5241448BACD}.Preview|Any CPU.Build.0 = Release|Any CPU
		{02072A76-F2D6-4D9C-9890-B5241448BACD}.Preview|x64.ActiveCfg = Release|Any CPU
		{02072A76-F2D6-4D9C-9890-B5241448BACD}.Preview|x86.ActiveCfg = Release|Any CPU
		{02072A76-F2D6-4D9C-9890-B5241448BACD}.Release|Any CPU.ActiveCfg = Release|Any CPU
		{02072A76-F2D6-4D9C-9890-B5241448BACD}.Release|Any CPU.Build.0 = Release|Any CPU
		{02072A76-F2D6-4D9C-9890-B5241448BACD}.Release|x64.ActiveCfg = Release|Any CPU
		{02072A76-F2D6-4D9C-9890-B5241448BACD}.Release|x86.ActiveCfg = Release|Any CPU
	EndGlobalSection
	GlobalSection(SolutionProperties) = preSolution
		HideSolutionNode = FALSE
	EndGlobalSection
	GlobalSection(NestedProjects) = preSolution
		{7CF570BC-6606-451D-BD4C-9965FCBADEC6} = {BE8159AA-CB2F-4C3E-B673-67639FB083D3}
		{450011B6-8513-49A2-B394-F96088DC96CB} = {868882BB-5E92-4AAA-AC15-99DCBFD417B8}
		{5BD5DA36-20CB-4115-B7D6-39C0BAF42904} = {868882BB-5E92-4AAA-AC15-99DCBFD417B8}
		{FA80CAE9-B52D-4236-9F91-3EB8E2C60219} = {BE8159AA-CB2F-4C3E-B673-67639FB083D3}
		{2B2E290C-1642-4595-8ABF-B1E217103DF1} = {BE8159AA-CB2F-4C3E-B673-67639FB083D3}
		{B9658D3A-9FFD-4668-84AF-36783F4F8B58} = {BE8159AA-CB2F-4C3E-B673-67639FB083D3}
		{9BE7AB26-6CA2-43BD-A24F-08E98254F060} = {BE8159AA-CB2F-4C3E-B673-67639FB083D3}
		{04760E87-55BF-4E00-A124-6ED751CE85A1} = {DF34EEED-9D56-4133-91D4-C520F8EEE2A7}
		{430AFD5D-2462-4D0E-B2CA-E1C68032BFB0} = {BE8159AA-CB2F-4C3E-B673-67639FB083D3}
		{DB2A306E-246A-4B45-BE98-DAE8C6EDB477} = {879CFDC5-5F00-488E-86DB-88498E390487}
		{77DEE0D0-5F3F-4BE3-9939-007BDF47CF39} = {879CFDC5-5F00-488E-86DB-88498E390487}
		{67FD9352-E1C0-4CF9-99F3-6228786C4596} = {DF34EEED-9D56-4133-91D4-C520F8EEE2A7}
		{70BF4710-BCD7-44F4-A5B0-C495C4020F45} = {DF34EEED-9D56-4133-91D4-C520F8EEE2A7}
		{CE4D7169-C902-439C-A679-D074EA4F860C} = {868882BB-5E92-4AAA-AC15-99DCBFD417B8}
		{157ED71D-E9D0-4D8E-A04E-C48B520BD578} = {879CFDC5-5F00-488E-86DB-88498E390487}
		{D2319324-577B-4CED-A0C8-6C3C4A026729} = {BE8159AA-CB2F-4C3E-B673-67639FB083D3}
		{0DD29D20-7365-4698-A6F8-B4431A776E52} = {879CFDC5-5F00-488E-86DB-88498E390487}
		{02072A76-F2D6-4D9C-9890-B5241448BACD} = {879CFDC5-5F00-488E-86DB-88498E390487}
	EndGlobalSection
EndGlobal
